# This file was autogenerated by Stack.
# You should not edit this file by hand.
# For more information, please see the documentation at:
#   https://docs.haskellstack.org/en/stable/lock_files

packages:
- completed:
    hackage: cairo-0.13.8.0@sha256:9b64a376ebaa4f153bba5866a32291fd4bed48147009cce9158ce6533928eba8,4075
    pantry-tree:
      size: 2830
      sha256: 07aeb4b5eaa1d8201f67f4b8011aaf182ceb4e558066e59d482485fc02895994
  original:
    hackage: cairo-0.13.8.0
- completed:
    hackage: ghc-events-0.13.0@sha256:27f7ed54b6e27ba6142f8e7c2a1dd39cf099d4471eff570327a4e5058995fb3c,5431
    pantry-tree:
      size: 4089
      sha256: 462ec4fb4f1348f5365c93a83b4475d12a5db9997c838761989b587bcaef1ad2
  original:
    hackage: ghc-events-0.13.0
- completed:
    hackage: gio-0.13.8.0@sha256:5691212b07dc4193ea6f8202a625c9515d750b249aeafc659139e29a5ec61436,3116
    pantry-tree:
      size: 2036
      sha256: 0dd6b7b8aceaa8bf6e356f63337e20d312c568b345b57f5c3f4b3aab5c219cac
  original:
    hackage: gio-0.13.8.0
- completed:
    hackage: glib-0.13.8.0@sha256:97698bd054bad38756f3ef0220d7684f72e42660d261e9b118aa73419ce9207d,3136
    pantry-tree:
      size: 1625
      sha256: 1a9d5731f5a7e40da0e5a25e25fea9da259c720e8c0263da1c4836488b60b4c1
  original:
    hackage: glib-0.13.8.0
- completed:
    hackage: gtk-0.15.4@sha256:992c73967818523cb46f52c4325f3aa4ff18aaf23d0f7d4cb16a8dfe87b5215f,16578
    pantry-tree:
      size: 21349
      sha256: 93f6045f24cc5fb88aa90706c89429344651d25c4459015c87aee7eac497d5b9
  original:
    hackage: gtk-0.15.4
- completed:
    hackage: gtk2hs-buildtools-0.13.8.0@sha256:132f38155fc677430a47ea750918973161c876fb6f281d342ac2f07eb99229ce,5238
    pantry-tree:
      size: 3588
      sha256: 4552e3c0f2ef0f16285c38898d7e2b6aeea67d4e37cd203b0c82f70592096c45
  original:
    hackage: gtk2hs-buildtools-0.13.8.0
- completed:
    hackage: pango-0.13.8.0@sha256:690149ea2efb03c783937b69a5ec6ac854806146fd760e28e800634a6c2243c1,3897
    pantry-tree:
      size: 1506
      sha256: 328fc8a2e574379bfbc9b710270d3f6be7ed2c9bf5e10477a3256c0d2d362024
  original:
    hackage: pango-0.13.8.0
snapshots:
- completed:
    size: 494635
    url: https://raw.githubusercontent.com/commercialhaskell/stackage-snapshots/master/lts/15/12.yaml
    sha256: a71c4293d8f461f455ff0d9815dfe4ab2f1adacd7e0bbc9a218f46ced8c4929a
  original: lts-15.12
